
Microsoft Visual Studio Solution File, Format Version 12.00
# Visual Studio Version 17
VisualStudioVersion = 17.0.31423.177
MinimumVisualStudioVersion = 10.0.40219.1
Project("{9A19103F-16F7-4668-BE54-9A1E7A4F7556}") = "Wemail", "Wemail.csproj", "{2CEFC71E-7FA4-4FE1-AF6E-C1C8967CED13}"
EndProject
Project("{2150E333-8FDC-42A3-9474-1A3956D46DE8}") = "Apps", "Apps", "{A206DF4C-9EEA-49E7-AD73-D8E7B1F2BD15}"
EndProject
Project("{9A19103F-16F7-4668-BE54-9A1E7A4F7556}") = "Wemail.Contact", "..\Wemail.Contact\Wemail.Contact.csproj", "{1AD6CECA-F18F-4FBB-B676-6D891CCEB515}"
EndProject
Project("{9A19103F-16F7-4668-BE54-9A1E7A4F7556}") = "Wemail.Common", "..\Wemail.Common\Wemail.Common.csproj", "{563E8FD3-2F1A-47B4-9A17-0E9D69F9E888}"
EndProject
Project("{9A19103F-16F7-4668-BE54-9A1E7A4F7556}") = "Wemail.Schedule", "..\Wemail.Schedule\Wemail.Schedule.csproj", "{709DB0C9-ECC7-41AA-8577-67BC1D06D882}"
EndProject
Project("{9A19103F-16F7-4668-BE54-9A1E7A4F7556}") = "Wemail.Resource", "..\Wemail.Resource\Wemail.Resource.csproj", "{160EADC4-53E1-434D-B04B-2372FB509E65}"
EndProject
Project("{FAE04EC0-301F-11D3-BF4B-00C04F79EFBC}") = "Wemail.Controls", "..\Wemail.Controls\Wemail.Controls.csproj", "{FFAF9AD2-CEBF-456B-AA07-9BD5694A5D0B}"
EndProject
Global
	GlobalSection(SolutionConfigurationPlatforms) = preSolution
		Debug|Any CPU = Debug|Any CPU
		Release|Any CPU = Release|Any CPU
	EndGlobalSection
	GlobalSection(ProjectConfigurationPlatforms) = postSolution
		{2CEFC71E-7FA4-4FE1-AF6E-C1C8967CED13}.Debug|Any CPU.ActiveCfg = Debug|Any CPU
		{2CEFC71E-7FA4-4FE1-AF6E-C1C8967CED13}.Debug|Any CPU.Build.0 = Debug|Any CPU
		{2CEFC71E-7FA4-4FE1-AF6E-C1C8967CED13}.Release|Any CPU.ActiveCfg = Release|Any CPU
		{2CEFC71E-7FA4-4FE1-AF6E-C1C8967CED13}.Release|Any CPU.Build.0 = Release|Any CPU
		{1AD6CECA-F18F-4FBB-B676-6D891CCEB515}.Debug|Any CPU.ActiveCfg = Debug|Any CPU
		{1AD6CECA-F18F-4FBB-B676-6D891CCEB515}.Debug|Any CPU.Build.0 = Debug|Any CPU
		{1AD6CECA-F18F-4FBB-B676-6D891CCEB515}.Release|Any CPU.ActiveCfg = Release|Any CPU
		{1AD6CECA-F18F-4FBB-B676-6D891CCEB515}.Release|Any CPU.Build.0 = Release|Any CPU
		{563E8FD3-2F1A-47B4-9A17-0E9D69F9E888}.Debug|Any CPU.ActiveCfg = Debug|Any CPU
		{563E8FD3-2F1A-47B4-9A17-0E9D69F9E888}.Debug|Any CPU.Build.0 = Debug|Any CPU
		{563E8FD3-2F1A-47B4-9A17-0E9D69F9E888}.Release|Any CPU.ActiveCfg = Release|Any CPU
		{563E8FD3-2F1A-47B4-9A17-0E9D69F9E888}.Release|Any CPU.Build.0 = Release|Any CPU
		{709DB0C9-ECC7-41AA-8577-67BC1D06D882}.Debug|Any CPU.ActiveCfg = Debug|Any CPU
		{709DB0C9-ECC7-41AA-8577-67BC1D06D882}.Debug|Any CPU.Build.0 = Debug|Any CPU
		{709DB0C9-ECC7-41AA-8577-67BC1D06D882}.Release|Any CPU.ActiveCfg = Release|Any CPU
		{709DB0C9-ECC7-41AA-8577-67BC1D06D882}.Release|Any CPU.Build.0 = Release|Any CPU
		{160EADC4-53E1-434D-B04B-2372FB509E65}.Debug|Any CPU.ActiveCfg = Debug|Any CPU
		{160EADC4-53E1-434D-B04B-2372FB509E65}.Debug|Any CPU.Build.0 = Debug|Any CPU
		{160EADC4-53E1-434D-B04B-2372FB509E65}.Release|Any CPU.ActiveCfg = Release|Any CPU
		{160EADC4-53E1-434D-B04B-2372FB509E65}.Release|Any CPU.Build.0 = Release|Any CPU
		{FFAF9AD2-CEBF-456B-AA07-9BD5694A5D0B}.Debug|Any CPU.ActiveCfg = Debug|Any CPU
		{FFAF9AD2-CEBF-456B-AA07-9BD5694A5D0B}.Debug|Any CPU.Build.0 = Debug|Any CPU
		{FFAF9AD2-CEBF-456B-AA07-9BD5694A5D0B}.Release|Any CPU.ActiveCfg = Release|Any CPU
		{FFAF9AD2-CEBF-456B-AA07-9BD5694A5D0B}.Release|Any CPU.Build.0 = Release|Any CPU
	EndGlobalSection
	GlobalSection(SolutionProperties) = preSolution
		HideSolutionNode = FALSE
	EndGlobalSection
	GlobalSection(NestedProjects) = preSolution
		{1AD6CECA-F18F-4FBB-B676-6D891CCEB515} = {A206DF4C-9EEA-49E7-AD73-D8E7B1F2BD15}
		{709DB0C9-ECC7-41AA-8577-67BC1D06D882} = {A206DF4C-9EEA-49E7-AD73-D8E7B1F2BD15}
	EndGlobalSection
	GlobalSection(ExtensibilityGlobals) = postSolution
		SolutionGuid = {42882098-4594-4BEE-A00F-F2890B9980B0}
	EndGlobalSection
EndGlobal
